// !$*UTF8*$!
{
	archiveVersion = 1;
	classes = {
	};
	objectVersion = 46;
	objects = {

/* Begin PBXBuildFile section */
		8D9F2EA61D3C786E00757C0C /* AppDelegate.swift in Sources */ = {isa = PBXBuildFile; fileRef = 8D9F2EA51D3C786E00757C0C /* AppDelegate.swift */; };
		8D9F2EA81D3C786E00757C0C /* ViewController.swift in Sources */ = {isa = PBXBuildFile; fileRef = 8D9F2EA71D3C786E00757C0C /* ViewController.swift */; };
		8D9F2EAB1D3C786E00757C0C /* Main.storyboard in Resources */ = {isa = PBXBuildFile; fileRef = 8D9F2EA91D3C786E00757C0C /* Main.storyboard */; };
		8D9F2EAD1D3C786E00757C0C /* Assets.xcassets in Resources */ = {isa = PBXBuildFile; fileRef = 8D9F2EAC1D3C786E00757C0C /* Assets.xcassets */; };
		8D9F2EB01D3C786E00757C0C /* LaunchScreen.storyboard in Resources */ = {isa = PBXBuildFile; fileRef = 8D9F2EAE1D3C786E00757C0C /* LaunchScreen.storyboard */; };
		8D9F2EB81D3C8B7C00757C0C /* TableViewController.swift in Sources */ = {isa = PBXBuildFile; fileRef = 8D9F2EB71D3C8B7C00757C0C /* TableViewController.swift */; };
		8D9F2EBB1D3C941F00757C0C /* CoreLocation.framework in Frameworks */ = {isa = PBXBuildFile; fileRef = 8D9F2EB91D3C8EA500757C0C /* CoreLocation.framework */; };
/* End PBXBuildFile section */

/* Begin PBXFileReference section */
		8D9F2EA21D3C786E00757C0C /* Memorable Places.app */ = {isa = PBXFileReference; explicitFileType = wrapper.application; includeInIndex = 0; path = "Memorable Places.app"; sourceTree = BUILT_PRODUCTS_DIR; };
		8D9F2EA51D3C786E00757C0C /* AppDelegate.swift */ = {isa = PBXFileReference; lastKnownFileType = sourcecode.swift; path = AppDelegate.swift; sourceTree = "<group>"; };
		8D9F2EA71D3C786E00757C0C /* ViewController.swift */ = {isa = PBXFileReference; lastKnownFileType = sourcecode.swift; path = ViewController.swift; sourceTree = "<group>"; };
		8D9F2EAA1D3C786E00757C0C /* Base */ = {isa = PBXFileReference; lastKnownFileType = file.storyboard; name = Base; path = Base.lproj/Main.storyboard; sourceTree = "<group>"; };
		8D9F2EAC1D3C786E00757C0C /* Assets.xcassets */ = {isa = PBXFileReference; lastKnownFileType = folder.assetcatalog; path = Assets.xcassets; sourceTree = "<group>"; };
		8D9F2EAF1D3C786E00757C0C /* Base */ = {isa = PBXFileReference; lastKnownFileType = file.storyboard; name = Base; path = Base.lproj/LaunchScreen.storyboard; sourceTree = "<group>"; };
		8D9F2EB11D3C786E00757C0C /* Info.plist */ = {isa = PBXFileReference; lastKnownFileType = text.plist.xml; path = Info.plist; sourceTree = "<group>"; };
		8D9F2EB71D3C8B7C00757C0C /* TableViewController.swift */ = {isa = PBXFileReference; fileEncoding = 4; lastKnownFileType = sourcecode.swift; path = TableViewController.swift; sourceTree = "<group>"; };
		8D9F2EB91D3C8EA500757C0C /* CoreLocation.framework */ = {isa = PBXFileReference; lastKnownFileType = wrapper.framework; name = CoreLocation.framework; path = System/Library/Frameworks/CoreLocation.framework; sourceTree = SDKROOT; };
/* End PBXFileReference section */

/* Begin PBXFrameworksBuildPhase section */
		8D9F2E9F1D3C786E00757C0C /* Frameworks */ = {
			isa = PBXFrameworksBuildPhase;
			buildActionMask = 2147483647;
			files = (
				8D9F2EBB1D3C941F00757C0C /* CoreLocation.framework in Frameworks */,
			);
			runOnlyForDeploymentPostprocessing = 0;
		};
/* End PBXFrameworksBuildPhase section */

/* Begin PBXGroup section */
		8D9F2E991D3C786E00757C0C = {
			isa = PBXGroup;
			children = (
				8D9F2EB91D3C8EA500757C0C /* CoreLocation.framework */,
				8D9F2EA41D3C786E00757C0C /* Memorable Places */,
				8D9F2EA31D3C786E00757C0C /* Products */,
			);
			sourceTree = "<group>";
		};
		8D9F2EA31D3C786E00757C0C /* Products */ = {
			isa = PBXGroup;
			children = (
				8D9F2EA21D3C786E00757C0C /* Memorable Places.app */,
			);
			name = Products;
			sourceTree = "<group>";
		};
		8D9F2EA41D3C786E00757C0C /* Memorable Places */ = {
			isa = PBXGroup;
			children = (
				8D9F2EA51D3C786E00757C0C /* AppDelegate.swift */,
				8D9F2EA71D3C786E00757C0C /* ViewController.swift */,
				8D9F2EA91D3C786E00757C0C /* Main.storyboard */,
				8D9F2EB71D3C8B7C00757C0C /* TableViewController.swift */,
				8D9F2EAC1D3C786E00757C0C /* Assets.xcassets */,
				8D9F2EAE1D3C786E00757C0C /* LaunchScreen.storyboard */,
				8D9F2EB11D3C786E00757C0C /* Info.plist */,
			);
			path = "Memorable Places";
			sourceTree = "<group>";
		};
/* End PBXGroup section */

/* Begin PBXNativeTarget section */
		8D9F2EA11D3C786E00757C0C /* Memorable Places */ = {
			isa = PBXNativeTarget;
			buildConfigurationList = 8D9F2EB41D3C786E00757C0C /* Build configuration list for PBXNativeTarget "Memorable Places" */;
			buildPhases = (
				8D9F2E9E1D3C786E00757C0C /* Sources */,
				8D9F2E9F1D3C786E00757C0C /* Frameworks */,
				8D9F2EA01D3C786E00757C0C /* Resources */,
			);
			buildRules = (
			);
			dependencies = (
			);
			name = "Memorable Places";
			productName = "Memorable Places";
			productReference = 8D9F2EA21D3C786E00757C0C /* Memorable Places.app */;
			productType = "com.apple.product-type.application";
		};
/* End PBXNativeTarget section */

/* Begin PBXProject section */
		8D9F2E9A1D3C786E00757C0C /* Project object */ = {
			isa = PBXProject;
			attributes = {
				LastSwiftUpdateCheck = 0730;
				LastUpgradeCheck = 0730;
				ORGANIZATIONNAME = kelvinfok;
				TargetAttributes = {
					8D9F2EA11D3C786E00757C0C = {
						CreatedOnToolsVersion = 7.3.1;
					};
				};
			};
			buildConfigurationList = 8D9F2E9D1D3C786E00757C0C /* Build configuration list for PBXProject "Memorable Places" */;
			compatibilityVersion = "Xcode 3.2";
			developmentRegion = English;
			hasScannedForEncodings = 0;
			knownRegions = (
				en,
				Base,
			);
			mainGroup = 8D9F2E991D3C786E00757C0C;
			productRefGroup = 8D9F2EA31D3C786E00757C0C /* Products */;
			projectDirPath = "";
			projectRoot = "";
			targets = (
				8D9F2EA11D3C786E00757C0C /* Memorable Places */,
			);
		};
/* End PBXProject section */

/* Begin PBXResourcesBuildPhase section */
		8D9F2EA01D3C786E00757C0C /* Resources */ = {
			isa = PBXResourcesBuildPhase;
			buildActionMask = 2147483647;
			files = (
				8D9F2EB01D3C786E00757C0C /* LaunchScreen.storyboard in Resources */,
				8D9F2EAD1D3C786E00757C0C /* Assets.xcassets in Resources */,
				8D9F2EAB1D3C786E00757C0C /* Main.storyboard in Resources */,
			);
			runOnlyForDeploymentPostprocessing = 0;
		};
/* End PBXResourcesBuildPhase section */

/* Begin PBXSourcesBuildPhase section */
		8D9F2E9E1D3C786E00757C0C /* Sources */ = {
			isa = PBXSourcesBuildPhase;
			buildActionMask = 2147483647;
			files = (
				8D9F2EA81D3C786E00757C0C /* ViewController.swift in Sources */,
				8D9F2EB81D3C8B7C00757C0C /* TableViewController.swift in Sources */,
				8D9F2EA61D3C786E00757C0C /* AppDelegate.swift in Sources */,
			);
			runOnlyForDeploymentPostprocessing = 0;
		};
/* End PBXSourcesBuildPhase section */

/* Begin PBXVariantGroup section */
		8D9F2EA91D3C786E00757C0C /* Main.storyboard */ = {
			isa = PBXVariantGroup;
			children = (
				8D9F2EAA1D3C786E00757C0C /* Base */,
			);
			name = Main.storyboard;
			sourceTree = "<group>";
		};
		8D9F2EAE1D3C786E00757C0C /* LaunchScreen.storyboard */ = {
			isa = PBXVariantGroup;
			children = (
				8D9F2EAF1D3C786E00757C0C /* Base */,
			);
			name = LaunchScreen.storyboard;
			sourceTree = "<group>";
		};
/* End PBXVariantGroup section */

/* Begin XCBuildConfiguration section */
		8D9F2EB21D3C786E00757C0C /* Debug */ = {
			isa = XCBuildConfiguration;
			buildSettings = {
				ALWAYS_SEARCH_USER_PATHS = NO;
				CLANG_ANALYZER_NONNULL = YES;
				CLANG_CXX_LANGUAGE_STANDARD = "gnu++0x";
				CLANG_CXX_LIBRARY = "libc++";
				CLANG_ENABLE_MODULES = YES;
				CLANG_ENABLE_OBJC_ARC = YES;
				CLANG_WARN_BOOL_CONVERSION = YES;
				CLANG_WARN_CONSTANT_CONVERSION = YES;
				CLANG_WARN_DIRECT_OBJC_ISA_USAGE = YES_ERROR;
				CLANG_WARN_EMPTY_BODY = YES;
				CLANG_WARN_ENUM_CONVERSION = YES;
				CLANG_WARN_INT_CONVERSION = YES;
				CLANG_WARN_OBJC_ROOT_CLASS = YES_ERROR;
				CLANG_WARN_UNREACHABLE_CODE = YES;
				CLANG_WARN__DUPLICATE_METHOD_MATCH = YES;
				"CODE_SIGN_IDENTITY[sdk=iphoneos*]" = "iPhone Developer";
				COPY_PHASE_STRIP = NO;
				DEBUG_INFORMATION_FORMAT = dwarf;
				ENABLE_STRICT_OBJC_MSGSEND = YES;
				ENABLE_TESTABILITY = YES;
				GCC_C_LANGUAGE_STANDARD = gnu99;
				GCC_DYNAMIC_NO_PIC = NO;
				GCC_NO_COMMON_BLOCKS = YES;
				GCC_OPTIMIZATION_LEVEL = 0;
				GCC_PREPROCESSOR_DEFINITIONS = (
					"DEBUG=1",
					"$(inherited)",
				);
				GCC_WARN_64_TO_32_BIT_CONVERSION = YES;
				GCC_WARN_ABOUT_RETURN_TYPE = YES_ERROR;
				GCC_WARN_UNDECLARED_SELECTOR = YES;
				GCC_WARN_UNINITIALIZED_AUTOS = YES_AGGRESSIVE;
				GCC_WARN_UNUSED_FUNCTION = YES;
				GCC_WARN_UNUSED_VARIABLE = YES;
				IPHONEOS_DEPLOYMENT_TARGET = 9.3;
				MTL_ENABLE_DEBUG_INFO = YES;
				ONLY_ACTIVE_ARCH = YES;
				SDKROOT = iphoneos;
				SWIFT_OPTIMIZATION_LEVEL = "-Onone";
			};
			name = Debug;
		};
		8D9F2EB31D3C786E00757C0C /* Release */ = {
			isa = XCBuildConfiguration;
			buildSettings = {
				ALWAYS_SEARCH_USER_PATHS = NO;
				CLANG_ANALYZER_NONNULL = YES;
				CLANG_CXX_LANGUAGE_STANDARD = "gnu++0x";
				CLANG_CXX_LIBRARY = "libc++";
				CLANG_ENABLE_MODULES = YES;
				CLANG_ENABLE_OBJC_ARC = YES;
				CLANG_WARN_BOOL_CONVERSION = YES;
				CLANG_WARN_CONSTANT_CONVERSION = YES;
				CLANG_WARN_DIRECT_OBJC_ISA_USAGE = YES_ERROR;
				CLANG_WARN_EMPTY_BODY = YES;
				CLANG_WARN_ENUM_CONVERSION = YES;
				CLANG_WARN_INT_CONVERSION = YES;
				CLANG_WARN_OBJC_ROOT_CLASS = YES_ERROR;
				CLANG_WARN_UNREACHABLE_CODE = YES;
				CLANG_WARN__DUPLICATE_METHOD_MATCH = YES;
				"CODE_SIGN_IDENTITY[sdk=iphoneos*]" = "iPhone Developer";
				COPY_PHASE_STRIP = NO;
				DEBUG_INFORMATION_FORMAT = "dwarf-with-dsym";
				ENABLE_NS_ASSERTIONS = NO;
				ENABLE_STRICT_OBJC_MSGSEND = YES;
				GCC_C_LANGUAGE_STANDARD = gnu99;
				GCC_NO_COMMON_BLOCKS = YES;
				GCC_WARN_64_TO_32_BIT_CONVERSION = YES;
				GCC_WARN_ABOUT_RETURN_TYPE = YES_ERROR;
				GCC_WARN_UNDECLARED_SELECTOR = YES;
				GCC_WARN_UNINITIALIZED_AUTOS = YES_AGGRESSIVE;
				GCC_WARN_UNUSED_FUNCTION = YES;
				GCC_WARN_UNUSED_VARIABLE = YES;
				IPHONEOS_DEPLOYMENT_TARGET = 9.3;
				MTL_ENABLE_DEBUG_INFO = NO;
				SDKROOT = iphoneos;
				VALIDATE_PRODUCT = YES;
			};
			name = Release;
		};
		8D9F2EB51D3C786E00757C0C /* Debug */ = {
			isa = XCBuildConfiguration;
			buildSettings = {
				ASSETCATALOG_COMPILER_APPICON_NAME = AppIcon;
				INFOPLIST_FILE = "Memorable Places/Info.plist";
				LD_RUNPATH_SEARCH_PATHS = "$(inherited) @executable_path/Frameworks";
				PRODUCT_BUNDLE_IDENTIFIER = "kelvinfok.Memorable-Places";
				PRODUCT_NAME = "$(TARGET_NAME)";
			};
			name = Debug;
		};
		8D9F2EB61D3C786E00757C0C /* Release */ = {
			isa = XCBuildConfiguration;
			buildSettings = {
				ASSETCATALOG_COMPILER_APPICON_NAME = AppIcon;
				INFOPLIST_FILE = "Memorable Places/Info.plist";
				LD_RUNPATH_SEARCH_PATHS = "$(inherited) @executable_path/Frameworks";
				PRODUCT_BUNDLE_IDENTIFIER = "kelvinfok.Memorable-Places";
				PRODUCT_NAME = "$(TARGET_NAME)";
			};
			name = Release;
		};
/* End XCBuildConfiguration section */

/* Begin XCConfigurationList section */
		8D9F2E9D1D3C786E00757C0C /* Build configuration list for PBXProject "Memorable Places" */ = {
			isa = XCConfigurationList;
			buildConfigurations = (
				8D9F2EB21D3C786E00757C0C /* Debug */,
				8D9F2EB31D3C786E00757C0C /* Release */,
			);
			defaultConfigurationIsVisible = 0;
			defaultConfigurationName = Release;
		};
		8D9F2EB41D3C786E00757C0C /* Build configuration list for PBXNativeTarget "Memorable Places" */ = {
			isa = XCConfigurationList;
			buildConfigurations = (
				8D9F2EB51D3C786E00757C0C /* Debug */,
				8D9F2EB61D3C786E00757C0C /* Release */,
			);
			defaultConfigurationIsVisible = 0;
		};
/* End XCConfigurationList section */
	};
	rootObject = 8D9F2E9A1D3C786E00757C0C /* Project object */;
}
